
Microsoft Visual Studio Solution File, Format Version 12.00
Project("{FAE04EC0-301F-11D3-BF4B-00C04F79EFBC}") = "Mission11", "Mission11\Mission11.csproj", "{A18D8FD4-B368-43AD-9C32-1B0E0725399E}"
EndProject
Global
	GlobalSection(SolutionConfigurationPlatforms) = preSolution
		Debug|Any CPU = Debug|Any CPU
		Release|Any CPU = Release|Any CPU
	EndGlobalSection
	GlobalSection(ProjectConfigurationPlatforms) = postSolution
		{A18D8FD4-B368-43AD-9C32-1B0E0725399E}.Debug|Any CPU.ActiveCfg = Debug|Any CPU
		{A18D8FD4-B368-43AD-9C32-1B0E0725399E}.Debug|Any CPU.Build.0 = Debug|Any CPU
		{A18D8FD4-B368-43AD-9C32-1B0E0725399E}.Release|Any CPU.ActiveCfg = Release|Any CPU
		{A18D8FD4-B368-43AD-9C32-1B0E0725399E}.Release|Any CPU.Build.0 = Release|Any CPU
	EndGlobalSection
EndGlobal
